
Microsoft Visual Studio Solution File, Format Version 12.00
# Visual Studio Version 17
VisualStudioVersion = 17.5.33516.290
MinimumVisualStudioVersion = 10.0.40219.1
Project("{FAE04EC0-301F-11D3-BF4B-00C04F79EFBC}") = "RevitCopilot", "RevitCopilot\RevitCopilot.csproj", "{5F9D4274-AA70-4588-A078-1974A923040E}"
EndProject
Global
	GlobalSection(SolutionConfigurationPlatforms) = preSolution
		Debug|x64 = Debug|x64
		Release|x64 = Release|x64
	EndGlobalSection
	GlobalSection(ProjectConfigurationPlatforms) = postSolution
		{5F9D4274-AA70-4588-A078-1974A923040E}.Debug|x64.ActiveCfg = Debug|x64
		{5F9D4274-AA70-4588-A078-1974A923040E}.Debug|x64.Build.0 = Debug|x64
		{5F9D4274-AA70-4588-A078-1974A923040E}.Release|x64.ActiveCfg = Release|x64
		{5F9D4274-AA70-4588-A078-1974A923040E}.Release|x64.Build.0 = Release|x64
	EndGlobalSection
	GlobalSection(SolutionProperties) = preSolution
		HideSolutionNode = FALSE
	EndGlobalSection
	GlobalSection(ExtensibilityGlobals) = postSolution
		SolutionGuid = {1ADF4DC3-2F5D-452D-A3E6-595267B633D3}
	EndGlobalSection
EndGlobal
